
Microsoft Visual Studio Solution File, Format Version 12.00
# Visual Studio 2012
Project("{FAE04EC0-301F-11D3-BF4B-00C04F79EFBC}") = "ControlVehicular", "ControlVehicular\ControlVehicular.csproj", "{D9BD1C3E-FD29-4607-BB2E-F300CB57D4D0}"
EndProject
Project("{FAE04EC0-301F-11D3-BF4B-00C04F79EFBC}") = "ControlVehicular.Tests", "ControlVehicular.Tests\ControlVehicular.Tests.csproj", "{E8C1D0A1-4A07-48BD-90BC-59163FC783D2}"
EndProject
Global
	GlobalSection(SolutionConfigurationPlatforms) = preSolution
		Debug|Any CPU = Debug|Any CPU
		Release|Any CPU = Release|Any CPU
	EndGlobalSection
	GlobalSection(ProjectConfigurationPlatforms) = postSolution
		{D9BD1C3E-FD29-4607-BB2E-F300CB57D4D0}.Debug|Any CPU.ActiveCfg = Debug|Any CPU
		{D9BD1C3E-FD29-4607-BB2E-F300CB57D4D0}.Debug|Any CPU.Build.0 = Debug|Any CPU
		{D9BD1C3E-FD29-4607-BB2E-F300CB57D4D0}.Release|Any CPU.ActiveCfg = Release|Any CPU
		{D9BD1C3E-FD29-4607-BB2E-F300CB57D4D0}.Release|Any CPU.Build.0 = Release|Any CPU
		{E8C1D0A1-4A07-48BD-90BC-59163FC783D2}.Debug|Any CPU.ActiveCfg = Debug|Any CPU
		{E8C1D0A1-4A07-48BD-90BC-59163FC783D2}.Debug|Any CPU.Build.0 = Debug|Any CPU
		{E8C1D0A1-4A07-48BD-90BC-59163FC783D2}.Release|Any CPU.ActiveCfg = Release|Any CPU
		{E8C1D0A1-4A07-48BD-90BC-59163FC783D2}.Release|Any CPU.Build.0 = Release|Any CPU
	EndGlobalSection
	GlobalSection(SolutionProperties) = preSolution
		HideSolutionNode = FALSE
	EndGlobalSection
EndGlobal
